
Microsoft Visual Studio Solution File, Format Version 12.00
# Visual Studio Version 17
VisualStudioVersion = 17.14.37411.7 d17.14
MinimumVisualStudioVersion = 10.0.40219.1
Project("{FAE04EC0-301F-11D3-BF4B-00C04F79EFBC}") = "gLAMS.Shared", "gLAMS.Shared\gLAMS.Shared.csproj", "{869D4123-75EC-45B2-BAB8-FF06B74D21B6}"
EndProject
Project("{FAE04EC0-301F-11D3-BF4B-00C04F79EFBC}") = "gLAMS.Domain", "gLAMS.Domain\gLAMS.Domain.csproj", "{C20F1D64-FB8F-46FD-AE5E-06B35C0F9FE2}"
EndProject
Project("{FAE04EC0-301F-11D3-BF4B-00C04F79EFBC}") = "gLAMS.Application", "gLAMS.Application\gLAMS.Application.csproj", "{0889FF37-0FCC-4A96-A71F-9681B238D638}"
EndProject
Project("{FAE04EC0-301F-11D3-BF4B-00C04F79EFBC}") = "gLAMS.Infrastructure", "gLAMS.Infrastructure\gLAMS.Infrastructure.csproj", "{D5BB61DC-8E45-4CBD-B839-F5CF52D012C7}"
EndProject
Project("{FAE04EC0-301F-11D3-BF4B-00C04F79EFBC}") = "gLAMS.ConsoleSandbox", "gLAMS.ConsoleSandbox\gLAMS.ConsoleSandbox.csproj", "{109749B8-8F18-4C52-8F29-A87F7F6A1D6F}"
EndProject
Project("{FAE04EC0-301F-11D3-BF4B-00C04F79EFBC}") = "gLAMS.WPF", "gLAMS.WPF\gLAMS.WPF.csproj", "{0C176FB1-68E3-4EB6-8BF5-993007C1910D}"
EndProject
Project("{FAE04EC0-301F-11D3-BF4B-00C04F79EFBC}") = "gLAMS.API", "gLAMS.API\gLAMS.API.csproj", "{F5857615-8CBB-4973-99AA-951B82A0A310}"
EndProject
Global
	GlobalSection(SolutionConfigurationPlatforms) = preSolution
		Debug|Any CPU = Debug|Any CPU
		Release|Any CPU = Release|Any CPU
	EndGlobalSection
	GlobalSection(ProjectConfigurationPlatforms) = postSolution
		{869D4123-75EC-45B2-BAB8-FF06B74D21B6}.Debug|Any CPU.ActiveCfg = Debug|Any CPU
		{869D4123-75EC-45B2-BAB8-FF06B74D21B6}.Debug|Any CPU.Build.0 = Debug|Any CPU
		{869D4123-75EC-45B2-BAB8-FF06B74D21B6}.Release|Any CPU.ActiveCfg = Release|Any CPU
		{869D4123-75EC-45B2-BAB8-FF06B74D21B6}.Release|Any CPU.Build.0 = Release|Any CPU
		{C20F1D64-FB8F-46FD-AE5E-06B35C0F9FE2}.Debug|Any CPU.ActiveCfg = Debug|Any CPU
		{C20F1D64-FB8F-46FD-AE5E-06B35C0F9FE2}.Debug|Any CPU.Build.0 = Debug|Any CPU
		{C20F1D64-FB8F-46FD-AE5E-06B35C0F9FE2}.Release|Any CPU.ActiveCfg = Release|Any CPU
		{C20F1D64-FB8F-46FD-AE5E-06B35C0F9FE2}.Release|Any CPU.Build.0 = Release|Any CPU
		{0889FF37-0FCC-4A96-A71F-9681B238D638}.Debug|Any CPU.ActiveCfg = Debug|Any CPU
		{0889FF37-0FCC-4A96-A71F-9681B238D638}.Debug|Any CPU.Build.0 = Debug|Any CPU
		{0889FF37-0FCC-4A96-A71F-9681B238D638}.Release|Any CPU.ActiveCfg = Release|Any CPU
		{0889FF37-0FCC-4A96-A71F-9681B238D638}.Release|Any CPU.Build.0 = Release|Any CPU
		{D5BB61DC-8E45-4CBD-B839-F5CF52D012C7}.Debug|Any CPU.ActiveCfg = Debug|Any CPU
		{D5BB61DC-8E45-4CBD-B839-F5CF52D012C7}.Debug|Any CPU.Build.0 = Debug|Any CPU
		{D5BB61DC-8E45-4CBD-B839-F5CF52D012C7}.Release|Any CPU.ActiveCfg = Release|Any CPU
		{D5BB61DC-8E45-4CBD-B839-F5CF52D012C7}.Release|Any CPU.Build.0 = Release|Any CPU
		{109749B8-8F18-4C52-8F29-A87F7F6A1D6F}.Debug|Any CPU.ActiveCfg = Debug|Any CPU
		{109749B8-8F18-4C52-8F29-A87F7F6A1D6F}.Debug|Any CPU.Build.0 = Debug|Any CPU
		{109749B8-8F18-4C52-8F29-A87F7F6A1D6F}.Release|Any CPU.ActiveCfg = Release|Any CPU
		{109749B8-8F18-4C52-8F29-A87F7F6A1D6F}.Release|Any CPU.Build.0 = Release|Any CPU
		{0C176FB1-68E3-4EB6-8BF5-993007C1910D}.Debug|Any CPU.ActiveCfg = Debug|Any CPU
		{0C176FB1-68E3-4EB6-8BF5-993007C1910D}.Debug|Any CPU.Build.0 = Debug|Any CPU
		{0C176FB1-68E3-4EB6-8BF5-993007C1910D}.Release|Any CPU.ActiveCfg = Release|Any CPU
		{0C176FB1-68E3-4EB6-8BF5-993007C1910D}.Release|Any CPU.Build.0 = Release|Any CPU
		{F5857615-8CBB-4973-99AA-951B82A0A310}.Debug|Any CPU.ActiveCfg = Debug|Any CPU
		{F5857615-8CBB-4973-99AA-951B82A0A310}.Debug|Any CPU.Build.0 = Debug|Any CPU
		{F5857615-8CBB-4973-99AA-951B82A0A310}.Release|Any CPU.ActiveCfg = Release|Any CPU
		{F5857615-8CBB-4973-99AA-951B82A0A310}.Release|Any CPU.Build.0 = Release|Any CPU
	EndGlobalSection
	GlobalSection(SolutionProperties) = preSolution
		HideSolutionNode = FALSE
	EndGlobalSection
	GlobalSection(ExtensibilityGlobals) = postSolution
		SolutionGuid = {23327EC3-4EE2-4121-AA7F-CFE92FBBD5C7}
	EndGlobalSection
EndGlobal
